
Microsoft Visual Studio Solution File, Format Version 12.00
# Visual Studio Version 17
VisualStudioVersion = 17.14.36127.28 d17.14
MinimumVisualStudioVersion = 10.0.40219.1
Project("{FAE04EC0-301F-11D3-BF4B-00C04F79EFBC}") = "лаба_1", "лаба_1.csproj", "{BDFF373C-95F5-4C86-AB0A-7FFC7DCE6BAC}"
EndProject
Global
	GlobalSection(SolutionConfigurationPlatforms) = preSolution
		Debug|Any CPU = Debug|Any CPU
		Release|Any CPU = Release|Any CPU
	EndGlobalSection
	GlobalSection(ProjectConfigurationPlatforms) = postSolution
		{BDFF373C-95F5-4C86-AB0A-7FFC7DCE6BAC}.Debug|Any CPU.ActiveCfg = Debug|Any CPU
		{BDFF373C-95F5-4C86-AB0A-7FFC7DCE6BAC}.Debug|Any CPU.Build.0 = Debug|Any CPU
		{BDFF373C-95F5-4C86-AB0A-7FFC7DCE6BAC}.Release|Any CPU.ActiveCfg = Release|Any CPU
		{BDFF373C-95F5-4C86-AB0A-7FFC7DCE6BAC}.Release|Any CPU.Build.0 = Release|Any CPU
	EndGlobalSection
	GlobalSection(SolutionProperties) = preSolution
		HideSolutionNode = FALSE
	EndGlobalSection
	GlobalSection(ExtensibilityGlobals) = postSolution
		SolutionGuid = {582C63C8-0931-46D7-A0F8-CFE69B27F57A}
	EndGlobalSection
EndGlobal
